
Microsoft Visual Studio Solution File, Format Version 12.00
# Visual Studio Version 17
VisualStudioVersion = 17.3.32825.248
MinimumVisualStudioVersion = 10.0.40219.1
Project("{FAE04EC0-301F-11D3-BF4B-00C04F79EFBC}") = "Bai1.1", "Bai1.1\Bai1.1.csproj", "{4E00AF44-53A3-4BEC-B660-EF648B5B1620}"
EndProject
Global
	GlobalSection(SolutionConfigurationPlatforms) = preSolution
		Debug|Any CPU = Debug|Any CPU
		Release|Any CPU = Release|Any CPU
	EndGlobalSection
	GlobalSection(ProjectConfigurationPlatforms) = postSolution
		{4E00AF44-53A3-4BEC-B660-EF648B5B1620}.Debug|Any CPU.ActiveCfg = Debug|Any CPU
		{4E00AF44-53A3-4BEC-B660-EF648B5B1620}.Debug|Any CPU.Build.0 = Debug|Any CPU
		{4E00AF44-53A3-4BEC-B660-EF648B5B1620}.Release|Any CPU.ActiveCfg = Release|Any CPU
		{4E00AF44-53A3-4BEC-B660-EF648B5B1620}.Release|Any CPU.Build.0 = Release|Any CPU
	EndGlobalSection
	GlobalSection(SolutionProperties) = preSolution
		HideSolutionNode = FALSE
	EndGlobalSection
	GlobalSection(ExtensibilityGlobals) = postSolution
		SolutionGuid = {E8157A53-5E19-4A23-91DC-67F73FBCEC16}
	EndGlobalSection
EndGlobal
