
Microsoft Visual Studio Solution File, Format Version 12.00
# Visual Studio Version 17
VisualStudioVersion = 17.3.32825.248
MinimumVisualStudioVersion = 10.0.40219.1
Project("{FAE04EC0-301F-11D3-BF4B-00C04F79EFBC}") = "Bai2.HeSoGoc_KhoangCach", "Bai2.HeSoGoc_KhoangCach\Bai2.HeSoGoc_KhoangCach.csproj", "{F784FEB2-8F69-4BF5-8215-284D6777731F}"
EndProject
Global
	GlobalSection(SolutionConfigurationPlatforms) = preSolution
		Debug|Any CPU = Debug|Any CPU
		Release|Any CPU = Release|Any CPU
	EndGlobalSection
	GlobalSection(ProjectConfigurationPlatforms) = postSolution
		{F784FEB2-8F69-4BF5-8215-284D6777731F}.Debug|Any CPU.ActiveCfg = Debug|Any CPU
		{F784FEB2-8F69-4BF5-8215-284D6777731F}.Debug|Any CPU.Build.0 = Debug|Any CPU
		{F784FEB2-8F69-4BF5-8215-284D6777731F}.Release|Any CPU.ActiveCfg = Release|Any CPU
		{F784FEB2-8F69-4BF5-8215-284D6777731F}.Release|Any CPU.Build.0 = Release|Any CPU
	EndGlobalSection
	GlobalSection(SolutionProperties) = preSolution
		HideSolutionNode = FALSE
	EndGlobalSection
	GlobalSection(ExtensibilityGlobals) = postSolution
		SolutionGuid = {D2287EFD-936D-4C3F-BAB7-88D951638FFB}
	EndGlobalSection
EndGlobal
